
Microsoft Visual Studio Solution File, Format Version 12.00
# Visual Studio 15
VisualStudioVersion = 15.0.28307.1433
MinimumVisualStudioVersion = 10.0.40219.1
Project("{FAE04EC0-301F-11D3-BF4B-00C04F79EFBC}") = "ReviewManagementSystem", "ReviewManagementSystem\ReviewManagementSystem.csproj", "{6764E0AD-A342-4DA3-BC80-BDB25F336901}"
EndProject
Global
	GlobalSection(SolutionConfigurationPlatforms) = preSolution
		Debug|Any CPU = Debug|Any CPU
		Release|Any CPU = Release|Any CPU
	EndGlobalSection
	GlobalSection(ProjectConfigurationPlatforms) = postSolution
		{6764E0AD-A342-4DA3-BC80-BDB25F336901}.Debug|Any CPU.ActiveCfg = Debug|Any CPU
		{6764E0AD-A342-4DA3-BC80-BDB25F336901}.Debug|Any CPU.Build.0 = Debug|Any CPU
		{6764E0AD-A342-4DA3-BC80-BDB25F336901}.Release|Any CPU.ActiveCfg = Release|Any CPU
		{6764E0AD-A342-4DA3-BC80-BDB25F336901}.Release|Any CPU.Build.0 = Release|Any CPU
	EndGlobalSection
	GlobalSection(SolutionProperties) = preSolution
		HideSolutionNode = FALSE
	EndGlobalSection
	GlobalSection(ExtensibilityGlobals) = postSolution
		SolutionGuid = {BBB85AFB-F9CE-493B-84BC-3CA8E5D36463}
	EndGlobalSection
EndGlobal
