
Microsoft Visual Studio Solution File, Format Version 12.00
# Visual Studio 15
VisualStudioVersion = 15.0.28307.1433
MinimumVisualStudioVersion = 10.0.40219.1
Project("{FAE04EC0-301F-11D3-BF4B-00C04F79EFBC}") = "TeamB_Final", "TeamB_Final\TeamB_Final.csproj", "{2D6E6DE3-7653-41AE-9947-56032BABD7B6}"
EndProject
Global
	GlobalSection(SolutionConfigurationPlatforms) = preSolution
		Debug|Any CPU = Debug|Any CPU
		Release|Any CPU = Release|Any CPU
	EndGlobalSection
	GlobalSection(ProjectConfigurationPlatforms) = postSolution
		{2D6E6DE3-7653-41AE-9947-56032BABD7B6}.Debug|Any CPU.ActiveCfg = Debug|Any CPU
		{2D6E6DE3-7653-41AE-9947-56032BABD7B6}.Debug|Any CPU.Build.0 = Debug|Any CPU
		{2D6E6DE3-7653-41AE-9947-56032BABD7B6}.Release|Any CPU.ActiveCfg = Release|Any CPU
		{2D6E6DE3-7653-41AE-9947-56032BABD7B6}.Release|Any CPU.Build.0 = Release|Any CPU
	EndGlobalSection
	GlobalSection(SolutionProperties) = preSolution
		HideSolutionNode = FALSE
	EndGlobalSection
	GlobalSection(ExtensibilityGlobals) = postSolution
		SolutionGuid = {0A59726C-9EE9-40A4-8D0A-9766F7E8EB40}
	EndGlobalSection
EndGlobal
